// !$*UTF8*$!
{
	archiveVersion = 1;
	classes = {
	};
	objectVersion = 46;
	objects = {

/* Begin PBXBuildFile section */
		2B1703DA1BA00DCB00BEF307 /* main.m in Sources */ = {isa = PBXBuildFile; fileRef = 2B1703D91BA00DCB00BEF307 /* main.m */; };
		2B1703DD1BA00DCB00BEF307 /* AppDelegate.m in Sources */ = {isa = PBXBuildFile; fileRef = 2B1703DC1BA00DCB00BEF307 /* AppDelegate.m */; };
		2B1703E01BA00DCB00BEF307 /* ViewController.m in Sources */ = {isa = PBXBuildFile; fileRef = 2B1703DF1BA00DCB00BEF307 /* ViewController.m */; };
		2B1703E31BA00DCB00BEF307 /* Main.storyboard in Resources */ = {isa = PBXBuildFile; fileRef = 2B1703E11BA00DCB00BEF307 /* Main.storyboard */; };
		2B1703E51BA00DCB00BEF307 /* Images.xcassets in Resources */ = {isa = PBXBuildFile; fileRef = 2B1703E41BA00DCB00BEF307 /* Images.xcassets */; };
		2B1703E81BA00DCB00BEF307 /* LaunchScreen.xib in Resources */ = {isa = PBXBuildFile; fileRef = 2B1703E61BA00DCB00BEF307 /* LaunchScreen.xib */; };
		2B1703F41BA00DCB00BEF307 /* DeallocationExampleTests.m in Sources */ = {isa = PBXBuildFile; fileRef = 2B1703F31BA00DCB00BEF307 /* DeallocationExampleTests.m */; };
/* End PBXBuildFile section */

/* Begin PBXContainerItemProxy section */
		2B1703EE1BA00DCB00BEF307 /* PBXContainerItemProxy */ = {
			isa = PBXContainerItemProxy;
			containerPortal = 2B1703CC1BA00DCB00BEF307 /* Project object */;
			proxyType = 1;
			remoteGlobalIDString = 2B1703D31BA00DCB00BEF307;
			remoteInfo = DeallocationExample;
		};
/* End PBXContainerItemProxy section */

/* Begin PBXFileReference section */
		2B1703D41BA00DCB00BEF307 /* DeallocationExample.app */ = {isa = PBXFileReference; explicitFileType = wrapper.application; includeInIndex = 0; path = DeallocationExample.app; sourceTree = BUILT_PRODUCTS_DIR; };
		2B1703D81BA00DCB00BEF307 /* Info.plist */ = {isa = PBXFileReference; lastKnownFileType = text.plist.xml; path = Info.plist; sourceTree = "<group>"; };
		2B1703D91BA00DCB00BEF307 /* main.m */ = {isa = PBXFileReference; lastKnownFileType = sourcecode.c.objc; path = main.m; sourceTree = "<group>"; };
		2B1703DB1BA00DCB00BEF307 /* AppDelegate.h */ = {isa = PBXFileReference; lastKnownFileType = sourcecode.c.h; path = AppDelegate.h; sourceTree = "<group>"; };
		2B1703DC1BA00DCB00BEF307 /* AppDelegate.m */ = {isa = PBXFileReference; lastKnownFileType = sourcecode.c.objc; path = AppDelegate.m; sourceTree = "<group>"; };
		2B1703DE1BA00DCB00BEF307 /* ViewController.h */ = {isa = PBXFileReference; lastKnownFileType = sourcecode.c.h; path = ViewController.h; sourceTree = "<group>"; };
		2B1703DF1BA00DCB00BEF307 /* ViewController.m */ = {isa = PBXFileReference; lastKnownFileType = sourcecode.c.objc; path = ViewController.m; sourceTree = "<group>"; };
		2B1703E21BA00DCB00BEF307 /* Base */ = {isa = PBXFileReference; lastKnownFileType = file.storyboard; name = Base; path = Base.lproj/Main.storyboard; sourceTree = "<group>"; };
		2B1703E41BA00DCB00BEF307 /* Images.xcassets */ = {isa = PBXFileReference; lastKnownFileType = folder.assetcatalog; path = Images.xcassets; sourceTree = "<group>"; };
		2B1703E71BA00DCB00BEF307 /* Base */ = {isa = PBXFileReference; lastKnownFileType = file.xib; name = Base; path = Base.lproj/LaunchScreen.xib; sourceTree = "<group>"; };
		2B1703ED1BA00DCB00BEF307 /* DeallocationExampleTests.xctest */ = {isa = PBXFileReference; explicitFileType = wrapper.cfbundle; includeInIndex = 0; path = DeallocationExampleTests.xctest; sourceTree = BUILT_PRODUCTS_DIR; };
		2B1703F21BA00DCB00BEF307 /* Info.plist */ = {isa = PBXFileReference; lastKnownFileType = text.plist.xml; path = Info.plist; sourceTree = "<group>"; };
		2B1703F31BA00DCB00BEF307 /* DeallocationExampleTests.m */ = {isa = PBXFileReference; lastKnownFileType = sourcecode.c.objc; path = DeallocationExampleTests.m; sourceTree = "<group>"; };
/* End PBXFileReference section */

/* Begin PBXFrameworksBuildPhase section */
		2B1703D11BA00DCB00BEF307 /* Frameworks */ = {
			isa = PBXFrameworksBuildPhase;
			buildActionMask = 2147483647;
			files = (
			);
			runOnlyForDeploymentPostprocessing = 0;
		};
		2B1703EA1BA00DCB00BEF307 /* Frameworks */ = {
			isa = PBXFrameworksBuildPhase;
			buildActionMask = 2147483647;
			files = (
			);
			runOnlyForDeploymentPostprocessing = 0;
		};
/* End PBXFrameworksBuildPhase section */

/* Begin PBXGroup section */
		2B1703CB1BA00DCA00BEF307 = {
			isa = PBXGroup;
			children = (
				2B1703D61BA00DCB00BEF307 /* DeallocationExample */,
				2B1703F01BA00DCB00BEF307 /* DeallocationExampleTests */,
				2B1703D51BA00DCB00BEF307 /* Products */,
			);
			sourceTree = "<group>";
		};
		2B1703D51BA00DCB00BEF307 /* Products */ = {
			isa = PBXGroup;
			children = (
				2B1703D41BA00DCB00BEF307 /* DeallocationExample.app */,
				2B1703ED1BA00DCB00BEF307 /* DeallocationExampleTests.xctest */,
			);
			name = Products;
			sourceTree = "<group>";
		};
		2B1703D61BA00DCB00BEF307 /* DeallocationExample */ = {
			isa = PBXGroup;
			children = (
				2B1703DB1BA00DCB00BEF307 /* AppDelegate.h */,
				2B1703DC1BA00DCB00BEF307 /* AppDelegate.m */,
				2B1703DE1BA00DCB00BEF307 /* ViewController.h */,
				2B1703DF1BA00DCB00BEF307 /* ViewController.m */,
				2B1703E11BA00DCB00BEF307 /* Main.storyboard */,
				2B1703E41BA00DCB00BEF307 /* Images.xcassets */,
				2B1703E61BA00DCB00BEF307 /* LaunchScreen.xib */,
				2B1703D71BA00DCB00BEF307 /* Supporting Files */,
			);
			path = DeallocationExample;
			sourceTree = "<group>";
		};
		2B1703D71BA00DCB00BEF307 /* Supporting Files */ = {
			isa = PBXGroup;
			children = (
				2B1703D81BA00DCB00BEF307 /* Info.plist */,
				2B1703D91BA00DCB00BEF307 /* main.m */,
			);
			name = "Supporting Files";
			sourceTree = "<group>";
		};
		2B1703F01BA00DCB00BEF307 /* DeallocationExampleTests */ = {
			isa = PBXGroup;
			children = (
				2B1703F31BA00DCB00BEF307 /* DeallocationExampleTests.m */,
				2B1703F11BA00DCB00BEF307 /* Supporting Files */,
			);
			path = DeallocationExampleTests;
			sourceTree = "<group>";
		};
		2B1703F11BA00DCB00BEF307 /* Supporting Files */ = {
			isa = PBXGroup;
			children = (
				2B1703F21BA00DCB00BEF307 /* Info.plist */,
			);
			name = "Supporting Files";
			sourceTree = "<group>";
		};
/* End PBXGroup section */

/* Begin PBXNativeTarget section */
		2B1703D31BA00DCB00BEF307 /* DeallocationExample */ = {
			isa = PBXNativeTarget;
			buildConfigurationList = 2B1703F71BA00DCB00BEF307 /* Build configuration list for PBXNativeTarget "DeallocationExample" */;
			buildPhases = (
				2B1703D01BA00DCB00BEF307 /* Sources */,
				2B1703D11BA00DCB00BEF307 /* Frameworks */,
				2B1703D21BA00DCB00BEF307 /* Resources */,
			);
			buildRules = (
			);
			dependencies = (
			);
			name = DeallocationExample;
			productName = DeallocationExample;
			productReference = 2B1703D41BA00DCB00BEF307 /* DeallocationExample.app */;
			productType = "com.apple.product-type.application";
		};
		2B1703EC1BA00DCB00BEF307 /* DeallocationExampleTests */ = {
			isa = PBXNativeTarget;
			buildConfigurationList = 2B1703FA1BA00DCB00BEF307 /* Build configuration list for PBXNativeTarget "DeallocationExampleTests" */;
			buildPhases = (
				2B1703E91BA00DCB00BEF307 /* Sources */,
				2B1703EA1BA00DCB00BEF307 /* Frameworks */,
				2B1703EB1BA00DCB00BEF307 /* Resources */,
			);
			buildRules = (
			);
			dependencies = (
				2B1703EF1BA00DCB00BEF307 /* PBXTargetDependency */,
			);
			name = DeallocationExampleTests;
			productName = DeallocationExampleTests;
			productReference = 2B1703ED1BA00DCB00BEF307 /* DeallocationExampleTests.xctest */;
			productType = "com.apple.product-type.bundle.unit-test";
		};
/* End PBXNativeTarget section */

/* Begin PBXProject section */
		2B1703CC1BA00DCB00BEF307 /* Project object */ = {
			isa = PBXProject;
			attributes = {
				LastUpgradeCheck = 0640;
				ORGANIZATIONNAME = "Edge Asia (Indonesia)";
				TargetAttributes = {
					2B1703D31BA00DCB00BEF307 = {
						CreatedOnToolsVersion = 6.4;
					};
					2B1703EC1BA00DCB00BEF307 = {
						CreatedOnToolsVersion = 6.4;
						TestTargetID = 2B1703D31BA00DCB00BEF307;
					};
				};
			};
			buildConfigurationList = 2B1703CF1BA00DCB00BEF307 /* Build configuration list for PBXProject "DeallocationExample" */;
			compatibilityVersion = "Xcode 3.2";
			developmentRegion = English;
			hasScannedForEncodings = 0;
			knownRegions = (
				en,
				Base,
			);
			mainGroup = 2B1703CB1BA00DCA00BEF307;
			productRefGroup = 2B1703D51BA00DCB00BEF307 /* Products */;
			projectDirPath = "";
			projectRoot = "";
			targets = (
				2B1703D31BA00DCB00BEF307 /* DeallocationExample */,
				2B1703EC1BA00DCB00BEF307 /* DeallocationExampleTests */,
			);
		};
/* End PBXProject section */

/* Begin PBXResourcesBuildPhase section */
		2B1703D21BA00DCB00BEF307 /* Resources */ = {
			isa = PBXResourcesBuildPhase;
			buildActionMask = 2147483647;
			files = (
				2B1703E31BA00DCB00BEF307 /* Main.storyboard in Resources */,
				2B1703E81BA00DCB00BEF307 /* LaunchScreen.xib in Resources */,
				2B1703E51BA00DCB00BEF307 /* Images.xcassets in Resources */,
			);
			runOnlyForDeploymentPostprocessing = 0;
		};
		2B1703EB1BA00DCB00BEF307 /* Resources */ = {
			isa = PBXResourcesBuildPhase;
			buildActionMask = 2147483647;
			files = (
			);
			runOnlyForDeploymentPostprocessing = 0;
		};
/* End PBXResourcesBuildPhase section */

/* Begin PBXSourcesBuildPhase section */
		2B1703D01BA00DCB00BEF307 /* Sources */ = {
			isa = PBXSourcesBuildPhase;
			buildActionMask = 2147483647;
			files = (
				2B1703E01BA00DCB00BEF307 /* ViewController.m in Sources */,
				2B1703DD1BA00DCB00BEF307 /* AppDelegate.m in Sources */,
				2B1703DA1BA00DCB00BEF307 /* main.m in Sources */,
			);
			runOnlyForDeploymentPostprocessing = 0;
		};
		2B1703E91BA00DCB00BEF307 /* Sources */ = {
			isa = PBXSourcesBuildPhase;
			buildActionMask = 2147483647;
			files = (
				2B1703F41BA00DCB00BEF307 /* DeallocationExampleTests.m in Sources */,
			);
			runOnlyForDeploymentPostprocessing = 0;
		};
/* End PBXSourcesBuildPhase section */

/* Begin PBXTargetDependency section */
		2B1703EF1BA00DCB00BEF307 /* PBXTargetDependency */ = {
			isa = PBXTargetDependency;
			target = 2B1703D31BA00DCB00BEF307 /* DeallocationExample */;
			targetProxy = 2B1703EE1BA00DCB00BEF307 /* PBXContainerItemProxy */;
		};
/* End PBXTargetDependency section */

/* Begin PBXVariantGroup section */
		2B1703E11BA00DCB00BEF307 /* Main.storyboard */ = {
			isa = PBXVariantGroup;
			children = (
				2B1703E21BA00DCB00BEF307 /* Base */,
			);
			name = Main.storyboard;
			sourceTree = "<group>";
		};
		2B1703E61BA00DCB00BEF307 /* LaunchScreen.xib */ = {
			isa = PBXVariantGroup;
			children = (
				2B1703E71BA00DCB00BEF307 /* Base */,
			);
			name = LaunchScreen.xib;
			sourceTree = "<group>";
		};
/* End PBXVariantGroup section */

/* Begin XCBuildConfiguration section */
		2B1703F51BA00DCB00BEF307 /* Debug */ = {
			isa = XCBuildConfiguration;
			buildSettings = {
				ALWAYS_SEARCH_USER_PATHS = NO;
				CLANG_CXX_LANGUAGE_STANDARD = "gnu++0x";
				CLANG_CXX_LIBRARY = "libc++";
				CLANG_ENABLE_MODULES = YES;
				CLANG_ENABLE_OBJC_ARC = YES;
				CLANG_WARN_BOOL_CONVERSION = YES;
				CLANG_WARN_CONSTANT_CONVERSION = YES;
				CLANG_WARN_DIRECT_OBJC_ISA_USAGE = YES_ERROR;
				CLANG_WARN_EMPTY_BODY = YES;
				CLANG_WARN_ENUM_CONVERSION = YES;
				CLANG_WARN_INT_CONVERSION = YES;
				CLANG_WARN_OBJC_ROOT_CLASS = YES_ERROR;
				CLANG_WARN_UNREACHABLE_CODE = YES;
				CLANG_WARN__DUPLICATE_METHOD_MATCH = YES;
				"CODE_SIGN_IDENTITY[sdk=iphoneos*]" = "iPhone Developer";
				COPY_PHASE_STRIP = NO;
				DEBUG_INFORMATION_FORMAT = "dwarf-with-dsym";
				ENABLE_STRICT_OBJC_MSGSEND = YES;
				GCC_C_LANGUAGE_STANDARD = gnu99;
				GCC_DYNAMIC_NO_PIC = NO;
				GCC_NO_COMMON_BLOCKS = YES;
				GCC_OPTIMIZATION_LEVEL = 0;
				GCC_PREPROCESSOR_DEFINITIONS = (
					"DEBUG=1",
					"$(inherited)",
				);
				GCC_SYMBOLS_PRIVATE_EXTERN = NO;
				GCC_WARN_64_TO_32_BIT_CONVERSION = YES;
				GCC_WARN_ABOUT_RETURN_TYPE = YES_ERROR;
				GCC_WARN_UNDECLARED_SELECTOR = YES;
				GCC_WARN_UNINITIALIZED_AUTOS = YES_AGGRESSIVE;
				GCC_WARN_UNUSED_FUNCTION = YES;
				GCC_WARN_UNUSED_VARIABLE = YES;
				IPHONEOS_DEPLOYMENT_TARGET = 8.4;
				MTL_ENABLE_DEBUG_INFO = YES;
				ONLY_ACTIVE_ARCH = YES;
				SDKROOT = iphoneos;
				TARGETED_DEVICE_FAMILY = 2;
			};
			name = Debug;
		};
		2B1703F61BA00DCB00BEF307 /* Release */ = {
			isa = XCBuildConfiguration;
			buildSettings = {
				ALWAYS_SEARCH_USER_PATHS = NO;
				CLANG_CXX_LANGUAGE_STANDARD = "gnu++0x";
				CLANG_CXX_LIBRARY = "libc++";
				CLANG_ENABLE_MODULES = YES;
				CLANG_ENABLE_OBJC_ARC = YES;
				CLANG_WARN_BOOL_CONVERSION = YES;
				CLANG_WARN_CONSTANT_CONVERSION = YES;
				CLANG_WARN_DIRECT_OBJC_ISA_USAGE = YES_ERROR;
				CLANG_WARN_EMPTY_BODY = YES;
				CLANG_WARN_ENUM_CONVERSION = YES;
				CLANG_WARN_INT_CONVERSION = YES;
				CLANG_WARN_OBJC_ROOT_CLASS = YES_ERROR;
				CLANG_WARN_UNREACHABLE_CODE = YES;
				CLANG_WARN__DUPLICATE_METHOD_MATCH = YES;
				"CODE_SIGN_IDENTITY[sdk=iphoneos*]" = "iPhone Developer";
				COPY_PHASE_STRIP = NO;
				DEBUG_INFORMATION_FORMAT = "dwarf-with-dsym";
				ENABLE_NS_ASSERTIONS = NO;
				ENABLE_STRICT_OBJC_MSGSEND = YES;
				GCC_C_LANGUAGE_STANDARD = gnu99;
				GCC_NO_COMMON_BLOCKS = YES;
				GCC_WARN_64_TO_32_BIT_CONVERSION = YES;
				GCC_WARN_ABOUT_RETURN_TYPE = YES_ERROR;
				GCC_WARN_UNDECLARED_SELECTOR = YES;
				GCC_WARN_UNINITIALIZED_AUTOS = YES_AGGRESSIVE;
				GCC_WARN_UNUSED_FUNCTION = YES;
				GCC_WARN_UNUSED_VARIABLE = YES;
				IPHONEOS_DEPLOYMENT_TARGET = 8.4;
				MTL_ENABLE_DEBUG_INFO = NO;
				SDKROOT = iphoneos;
				TARGETED_DEVICE_FAMILY = 2;
				VALIDATE_PRODUCT = YES;
			};
			name = Release;
		};
		2B1703F81BA00DCB00BEF307 /* Debug */ = {
			isa = XCBuildConfiguration;
			buildSettings = {
				ASSETCATALOG_COMPILER_APPICON_NAME = AppIcon;
				INFOPLIST_FILE = DeallocationExample/Info.plist;
				IPHONEOS_DEPLOYMENT_TARGET = 6.1;
				LD_RUNPATH_SEARCH_PATHS = "$(inherited) @executable_path/Frameworks";
				PRODUCT_NAME = "$(TARGET_NAME)";
			};
			name = Debug;
		};
		2B1703F91BA00DCB00BEF307 /* Release */ = {
			isa = XCBuildConfiguration;
			buildSettings = {
				ASSETCATALOG_COMPILER_APPICON_NAME = AppIcon;
				INFOPLIST_FILE = DeallocationExample/Info.plist;
				IPHONEOS_DEPLOYMENT_TARGET = 6.1;
				LD_RUNPATH_SEARCH_PATHS = "$(inherited) @executable_path/Frameworks";
				PRODUCT_NAME = "$(TARGET_NAME)";
			};
			name = Release;
		};
		2B1703FB1BA00DCB00BEF307 /* Debug */ = {
			isa = XCBuildConfiguration;
			buildSettings = {
				BUNDLE_LOADER = "$(TEST_HOST)";
				FRAMEWORK_SEARCH_PATHS = (
					"$(SDKROOT)/Developer/Library/Frameworks",
					"$(inherited)",
				);
				GCC_PREPROCESSOR_DEFINITIONS = (
					"DEBUG=1",
					"$(inherited)",
				);
				INFOPLIST_FILE = DeallocationExampleTests/Info.plist;
				LD_RUNPATH_SEARCH_PATHS = "$(inherited) @executable_path/Frameworks @loader_path/Frameworks";
				PRODUCT_NAME = "$(TARGET_NAME)";
				TEST_HOST = "$(BUILT_PRODUCTS_DIR)/DeallocationExample.app/DeallocationExample";
			};
			name = Debug;
		};
		2B1703FC1BA00DCB00BEF307 /* Release */ = {
			isa = XCBuildConfiguration;
			buildSettings = {
				BUNDLE_LOADER = "$(TEST_HOST)";
				FRAMEWORK_SEARCH_PATHS = (
					"$(SDKROOT)/Developer/Library/Frameworks",
					"$(inherited)",
				);
				INFOPLIST_FILE = DeallocationExampleTests/Info.plist;
				LD_RUNPATH_SEARCH_PATHS = "$(inherited) @executable_path/Frameworks @loader_path/Frameworks";
				PRODUCT_NAME = "$(TARGET_NAME)";
				TEST_HOST = "$(BUILT_PRODUCTS_DIR)/DeallocationExample.app/DeallocationExample";
			};
			name = Release;
		};
/* End XCBuildConfiguration section */

/* Begin XCConfigurationList section */
		2B1703CF1BA00DCB00BEF307 /* Build configuration list for PBXProject "DeallocationExample" */ = {
			isa = XCConfigurationList;
			buildConfigurations = (
				2B1703F51BA00DCB00BEF307 /* Debug */,
				2B1703F61BA00DCB00BEF307 /* Release */,
			);
			defaultConfigurationIsVisible = 0;
			defaultConfigurationName = Release;
		};
		2B1703F71BA00DCB00BEF307 /* Build configuration list for PBXNativeTarget "DeallocationExample" */ = {
			isa = XCConfigurationList;
			buildConfigurations = (
				2B1703F81BA00DCB00BEF307 /* Debug */,
				2B1703F91BA00DCB00BEF307 /* Release */,
			);
			defaultConfigurationIsVisible = 0;
		};
		2B1703FA1BA00DCB00BEF307 /* Build configuration list for PBXNativeTarget "DeallocationExampleTests" */ = {
			isa = XCConfigurationList;
			buildConfigurations = (
				2B1703FB1BA00DCB00BEF307 /* Debug */,
				2B1703FC1BA00DCB00BEF307 /* Release */,
			);
			defaultConfigurationIsVisible = 0;
		};
/* End XCConfigurationList section */
	};
	rootObject = 2B1703CC1BA00DCB00BEF307 /* Project object */;
}
